
Microsoft Visual Studio Solution File, Format Version 12.00
# Visual Studio Version 17
VisualStudioVersion = 17.9.34616.47
MinimumVisualStudioVersion = 10.0.40219.1
Project("{9A19103F-16F7-4668-BE54-9A1E7A4F7556}") = "MakeNewAccount", "MakeNewAccount.csproj", "{8F7801A5-C1BC-4CF0-B667-FE6D8DF4A179}"
EndProject
Global
	GlobalSection(SolutionConfigurationPlatforms) = preSolution
		Debug|Any CPU = Debug|Any CPU
		Release|Any CPU = Release|Any CPU
	EndGlobalSection
	GlobalSection(ProjectConfigurationPlatforms) = postSolution
		{8F7801A5-C1BC-4CF0-B667-FE6D8DF4A179}.Debug|Any CPU.ActiveCfg = Debug|Any CPU
		{8F7801A5-C1BC-4CF0-B667-FE6D8DF4A179}.Debug|Any CPU.Build.0 = Debug|Any CPU
		{8F7801A5-C1BC-4CF0-B667-FE6D8DF4A179}.Release|Any CPU.ActiveCfg = Release|Any CPU
		{8F7801A5-C1BC-4CF0-B667-FE6D8DF4A179}.Release|Any CPU.Build.0 = Release|Any CPU
	EndGlobalSection
	GlobalSection(SolutionProperties) = preSolution
		HideSolutionNode = FALSE
	EndGlobalSection
	GlobalSection(ExtensibilityGlobals) = postSolution
		SolutionGuid = {C907CFEF-2B81-418B-AF5F-AB1F396C3DB7}
	EndGlobalSection
EndGlobal
